
Microsoft Visual Studio Solution File, Format Version 12.00
# Visual Studio Version 17
VisualStudioVersion = 17.9.34622.214
MinimumVisualStudioVersion = 10.0.40219.1
Project("{9A19103F-16F7-4668-BE54-9A1E7A4F7556}") = "Data", "Data\Data.csproj", "{B9E338F0-D34B-4F64-97B7-9D9F896F35CC}"
EndProject
Project("{9A19103F-16F7-4668-BE54-9A1E7A4F7556}") = "Logic", "Logic\Logic.csproj", "{AEBABA88-92BE-48EE-A122-F5A197EECEAA}"
EndProject
Project("{2150E333-8FDC-42A3-9474-1A3956D46DE8}") = "Presentation", "Presentation", "{232D2CCF-9C2A-4D58-8FB0-CA1FB78FE043}"
EndProject
Project("{9A19103F-16F7-4668-BE54-9A1E7A4F7556}") = "Model", "Model\Model.csproj", "{3420E596-3C42-4DF8-9C0D-A74D471EBF1F}"
EndProject
Project("{9A19103F-16F7-4668-BE54-9A1E7A4F7556}") = "View", "View\View.csproj", "{9D910094-2817-4830-8B7F-BBEB2651396C}"
EndProject
Project("{9A19103F-16F7-4668-BE54-9A1E7A4F7556}") = "ViewModel", "ViewModel\ViewModel.csproj", "{80A6F900-0DF8-40B4-B03F-A59AEF4F21B6}"
EndProject
Global
	GlobalSection(SolutionConfigurationPlatforms) = preSolution
		Debug|Any CPU = Debug|Any CPU
		Release|Any CPU = Release|Any CPU
	EndGlobalSection
	GlobalSection(ProjectConfigurationPlatforms) = postSolution
		{B9E338F0-D34B-4F64-97B7-9D9F896F35CC}.Debug|Any CPU.ActiveCfg = Debug|Any CPU
		{B9E338F0-D34B-4F64-97B7-9D9F896F35CC}.Debug|Any CPU.Build.0 = Debug|Any CPU
		{B9E338F0-D34B-4F64-97B7-9D9F896F35CC}.Release|Any CPU.ActiveCfg = Release|Any CPU
		{B9E338F0-D34B-4F64-97B7-9D9F896F35CC}.Release|Any CPU.Build.0 = Release|Any CPU
		{AEBABA88-92BE-48EE-A122-F5A197EECEAA}.Debug|Any CPU.ActiveCfg = Debug|Any CPU
		{AEBABA88-92BE-48EE-A122-F5A197EECEAA}.Debug|Any CPU.Build.0 = Debug|Any CPU
		{AEBABA88-92BE-48EE-A122-F5A197EECEAA}.Release|Any CPU.ActiveCfg = Release|Any CPU
		{AEBABA88-92BE-48EE-A122-F5A197EECEAA}.Release|Any CPU.Build.0 = Release|Any CPU
		{3420E596-3C42-4DF8-9C0D-A74D471EBF1F}.Debug|Any CPU.ActiveCfg = Debug|Any CPU
		{3420E596-3C42-4DF8-9C0D-A74D471EBF1F}.Debug|Any CPU.Build.0 = Debug|Any CPU
		{3420E596-3C42-4DF8-9C0D-A74D471EBF1F}.Release|Any CPU.ActiveCfg = Release|Any CPU
		{3420E596-3C42-4DF8-9C0D-A74D471EBF1F}.Release|Any CPU.Build.0 = Release|Any CPU
		{9D910094-2817-4830-8B7F-BBEB2651396C}.Debug|Any CPU.ActiveCfg = Debug|Any CPU
		{9D910094-2817-4830-8B7F-BBEB2651396C}.Debug|Any CPU.Build.0 = Debug|Any CPU
		{9D910094-2817-4830-8B7F-BBEB2651396C}.Release|Any CPU.ActiveCfg = Release|Any CPU
		{9D910094-2817-4830-8B7F-BBEB2651396C}.Release|Any CPU.Build.0 = Release|Any CPU
		{80A6F900-0DF8-40B4-B03F-A59AEF4F21B6}.Debug|Any CPU.ActiveCfg = Debug|Any CPU
		{80A6F900-0DF8-40B4-B03F-A59AEF4F21B6}.Debug|Any CPU.Build.0 = Debug|Any CPU
		{80A6F900-0DF8-40B4-B03F-A59AEF4F21B6}.Release|Any CPU.ActiveCfg = Release|Any CPU
		{80A6F900-0DF8-40B4-B03F-A59AEF4F21B6}.Release|Any CPU.Build.0 = Release|Any CPU
	EndGlobalSection
	GlobalSection(SolutionProperties) = preSolution
		HideSolutionNode = FALSE
	EndGlobalSection
	GlobalSection(NestedProjects) = preSolution
		{3420E596-3C42-4DF8-9C0D-A74D471EBF1F} = {232D2CCF-9C2A-4D58-8FB0-CA1FB78FE043}
		{9D910094-2817-4830-8B7F-BBEB2651396C} = {232D2CCF-9C2A-4D58-8FB0-CA1FB78FE043}
		{80A6F900-0DF8-40B4-B03F-A59AEF4F21B6} = {232D2CCF-9C2A-4D58-8FB0-CA1FB78FE043}
	EndGlobalSection
	GlobalSection(ExtensibilityGlobals) = postSolution
		SolutionGuid = {C2CC3945-9DEF-4102-9D3F-43B83C1A8BE4}
	EndGlobalSection
EndGlobal
