
Microsoft Visual Studio Solution File, Format Version 12.00
# Visual Studio Version 17
VisualStudioVersion = 17.9.34622.214
MinimumVisualStudioVersion = 10.0.40219.1
Project("{9A19103F-16F7-4668-BE54-9A1E7A4F7556}") = "Data", "Data\Data.csproj", "{B3790F11-6B48-499F-8BF4-7C7E66B3CFD5}"
EndProject
Project("{2150E333-8FDC-42A3-9474-1A3956D46DE8}") = "Presentation", "Presentation", "{50EE074F-4FF8-4361-9778-FB9463882EEC}"
EndProject
Project("{9A19103F-16F7-4668-BE54-9A1E7A4F7556}") = "Logic", "Logic\Logic.csproj", "{78F5A7D1-336F-4A0B-A68C-EC12FA121593}"
EndProject
Project("{9A19103F-16F7-4668-BE54-9A1E7A4F7556}") = "Model", "Model\Model.csproj", "{97AC99ED-C2E1-4A66-BCB2-917A8DA05CF2}"
EndProject
Project("{9A19103F-16F7-4668-BE54-9A1E7A4F7556}") = "ViewModel", "ViewModel\ViewModel.csproj", "{7F32A424-5745-4346-8F73-67A14696DEB7}"
EndProject
Project("{9A19103F-16F7-4668-BE54-9A1E7A4F7556}") = "View", "View\View.csproj", "{99E68BEB-1752-40A3-AA50-66AE1A229535}"
EndProject
Project("{2150E333-8FDC-42A3-9474-1A3956D46DE8}") = "Testy", "Testy", "{5E183CDC-9DC9-4855-A6A7-9C011705A328}"
EndProject
Project("{FAE04EC0-301F-11D3-BF4B-00C04F79EFBC}") = "DataTest", "DataTest\DataTest.csproj", "{432F5AE9-264B-490E-B826-54854EB90A56}"
EndProject
Project("{FAE04EC0-301F-11D3-BF4B-00C04F79EFBC}") = "LogicTest", "LogicTest\LogicTest.csproj", "{1F538F4D-67E1-4D64-8CF5-7E95DB85541B}"
EndProject
Global
	GlobalSection(SolutionConfigurationPlatforms) = preSolution
		Debug|Any CPU = Debug|Any CPU
		Release|Any CPU = Release|Any CPU
	EndGlobalSection
	GlobalSection(ProjectConfigurationPlatforms) = postSolution
		{B3790F11-6B48-499F-8BF4-7C7E66B3CFD5}.Debug|Any CPU.ActiveCfg = Debug|Any CPU
		{B3790F11-6B48-499F-8BF4-7C7E66B3CFD5}.Debug|Any CPU.Build.0 = Debug|Any CPU
		{B3790F11-6B48-499F-8BF4-7C7E66B3CFD5}.Release|Any CPU.ActiveCfg = Release|Any CPU
		{B3790F11-6B48-499F-8BF4-7C7E66B3CFD5}.Release|Any CPU.Build.0 = Release|Any CPU
		{78F5A7D1-336F-4A0B-A68C-EC12FA121593}.Debug|Any CPU.ActiveCfg = Debug|Any CPU
		{78F5A7D1-336F-4A0B-A68C-EC12FA121593}.Debug|Any CPU.Build.0 = Debug|Any CPU
		{78F5A7D1-336F-4A0B-A68C-EC12FA121593}.Release|Any CPU.ActiveCfg = Release|Any CPU
		{78F5A7D1-336F-4A0B-A68C-EC12FA121593}.Release|Any CPU.Build.0 = Release|Any CPU
		{97AC99ED-C2E1-4A66-BCB2-917A8DA05CF2}.Debug|Any CPU.ActiveCfg = Debug|Any CPU
		{97AC99ED-C2E1-4A66-BCB2-917A8DA05CF2}.Debug|Any CPU.Build.0 = Debug|Any CPU
		{97AC99ED-C2E1-4A66-BCB2-917A8DA05CF2}.Release|Any CPU.ActiveCfg = Release|Any CPU
		{97AC99ED-C2E1-4A66-BCB2-917A8DA05CF2}.Release|Any CPU.Build.0 = Release|Any CPU
		{7F32A424-5745-4346-8F73-67A14696DEB7}.Debug|Any CPU.ActiveCfg = Debug|Any CPU
		{7F32A424-5745-4346-8F73-67A14696DEB7}.Debug|Any CPU.Build.0 = Debug|Any CPU
		{7F32A424-5745-4346-8F73-67A14696DEB7}.Release|Any CPU.ActiveCfg = Release|Any CPU
		{7F32A424-5745-4346-8F73-67A14696DEB7}.Release|Any CPU.Build.0 = Release|Any CPU
		{99E68BEB-1752-40A3-AA50-66AE1A229535}.Debug|Any CPU.ActiveCfg = Debug|Any CPU
		{99E68BEB-1752-40A3-AA50-66AE1A229535}.Debug|Any CPU.Build.0 = Debug|Any CPU
		{99E68BEB-1752-40A3-AA50-66AE1A229535}.Release|Any CPU.ActiveCfg = Release|Any CPU
		{99E68BEB-1752-40A3-AA50-66AE1A229535}.Release|Any CPU.Build.0 = Release|Any CPU
		{432F5AE9-264B-490E-B826-54854EB90A56}.Debug|Any CPU.ActiveCfg = Debug|Any CPU
		{432F5AE9-264B-490E-B826-54854EB90A56}.Debug|Any CPU.Build.0 = Debug|Any CPU
		{432F5AE9-264B-490E-B826-54854EB90A56}.Release|Any CPU.ActiveCfg = Release|Any CPU
		{432F5AE9-264B-490E-B826-54854EB90A56}.Release|Any CPU.Build.0 = Release|Any CPU
		{1F538F4D-67E1-4D64-8CF5-7E95DB85541B}.Debug|Any CPU.ActiveCfg = Debug|Any CPU
		{1F538F4D-67E1-4D64-8CF5-7E95DB85541B}.Debug|Any CPU.Build.0 = Debug|Any CPU
		{1F538F4D-67E1-4D64-8CF5-7E95DB85541B}.Release|Any CPU.ActiveCfg = Release|Any CPU
		{1F538F4D-67E1-4D64-8CF5-7E95DB85541B}.Release|Any CPU.Build.0 = Release|Any CPU
	EndGlobalSection
	GlobalSection(SolutionProperties) = preSolution
		HideSolutionNode = FALSE
	EndGlobalSection
	GlobalSection(NestedProjects) = preSolution
		{97AC99ED-C2E1-4A66-BCB2-917A8DA05CF2} = {50EE074F-4FF8-4361-9778-FB9463882EEC}
		{7F32A424-5745-4346-8F73-67A14696DEB7} = {50EE074F-4FF8-4361-9778-FB9463882EEC}
		{99E68BEB-1752-40A3-AA50-66AE1A229535} = {50EE074F-4FF8-4361-9778-FB9463882EEC}
		{432F5AE9-264B-490E-B826-54854EB90A56} = {5E183CDC-9DC9-4855-A6A7-9C011705A328}
		{1F538F4D-67E1-4D64-8CF5-7E95DB85541B} = {5E183CDC-9DC9-4855-A6A7-9C011705A328}
	EndGlobalSection
	GlobalSection(ExtensibilityGlobals) = postSolution
		SolutionGuid = {8150F4B8-3614-4CF3-8F37-28040E1835B6}
	EndGlobalSection
EndGlobal
